{
  "version": 4,
  "terraform_version": "1.14.3",
  "serial": 113,
  "lineage": "4d03cb7f-5983-952f-918f-b0fb4258b826",
  "outputs": {
    "acm_frontend_validation_records": {
      "value": [
        {
          "domain_name": "customer-demo.joshuakessell.com",
          "resource_record_name": "_f8e27b938bb8251d36dd2ee3968ff611.customer-demo.joshuakessell.com.",
          "resource_record_type": "CNAME",
          "resource_record_value": "_4b808a9dad7b94302af726228c5682a2.jkddzztszm.acm-validations.aws."
        },
        {
          "domain_name": "employee-demo.joshuakessell.com",
          "resource_record_name": "_5e455d13c3c036f838a29f52b1aa6522.employee-demo.joshuakessell.com.",
          "resource_record_type": "CNAME",
          "resource_record_value": "_ea31b0dac4ebfbb6fedf379f91df3c77.jkddzztszm.acm-validations.aws."
        }
      ],
      "type": [
        "set",
        [
          "object",
          {
            "domain_name": "string",
            "resource_record_name": "string",
            "resource_record_type": "string",
            "resource_record_value": "string"
          }
        ]
      ]
    },
    "apprunner_custom_domain_validation_records": {
      "value": [
        {
          "name": "_0143e5b39eaf52243ffe3a64c9e93ab5.api-demo.joshuakessell.com.",
          "status": "SUCCESS",
          "type": "CNAME",
          "value": "_ad3a709e3a31c4055b5d94836f25ee44.jkddzztszm.acm-validations.aws."
        },
        {
          "name": "_73fbe15f9962265cc532bb6c29333547.2a57j7824by9exnuqgh4jzqx356ziwi.api-demo.joshuakessell.com.",
          "status": "SUCCESS",
          "type": "CNAME",
          "value": "_b38ada999a15175da49fcf7f9b83de0d.jkddzztszm.acm-validations.aws."
        },
        {
          "name": "_9bc30580ac2158dfcb825d0d56919d1e.www.api-demo.joshuakessell.com.",
          "status": "SUCCESS",
          "type": "CNAME",
          "value": "_b652ac554d6364936e75b6a51d2e701b.jkddzztszm.acm-validations.aws."
        }
      ],
      "type": [
        "set",
        [
          "object",
          {
            "name": "string",
            "status": "string",
            "type": "string",
            "value": "string"
          }
        ]
      ]
    },
    "apprunner_service_arn": {
      "value": "arn:aws:apprunner:us-east-1:146469921099:service/club-ops-api-dev/b7f0501e60d54adf83a12d30af6d5a9f",
      "type": "string"
    },
    "apprunner_service_name": {
      "value": "club-ops-api-dev",
      "type": "string"
    },
    "apprunner_service_url": {
      "value": "s9ue2amcpr.us-east-1.awsapprunner.com",
      "type": "string"
    },
    "customer_bucket_name": {
      "value": "club-ops-dev-customer-demo",
      "type": "string"
    },
    "customer_cloudfront_distribution_id": {
      "value": "EFVEGUM8BIPN1",
      "type": "string"
    },
    "customer_cloudfront_domain": {
      "value": "d14yynmthplrsc.cloudfront.net",
      "type": "string"
    },
    "database_url_secret_arn": {
      "value": "arn:aws:secretsmanager:us-east-1:146469921099:secret:club-ops/dev/database-url-an64dg",
      "type": "string"
    },
    "db_endpoint": {
      "value": "club-ops-dev-db.cobu0oqcipf5.us-east-1.rds.amazonaws.com",
      "type": "string"
    },
    "db_master_secret_arn": {
      "value": "arn:aws:secretsmanager:us-east-1:146469921099:secret:rds!db-eca8308a-98d7-4d6c-9e42-1ca3e19470c3-DzHoUV",
      "type": "string"
    },
    "db_master_username": {
      "value": "clubops",
      "type": "string"
    },
    "db_name": {
      "value": "club_operations",
      "type": "string"
    },
    "db_port": {
      "value": 5432,
      "type": "number"
    },
    "employee_bucket_name": {
      "value": "club-ops-dev-employee-demo",
      "type": "string"
    },
    "employee_cloudfront_distribution_id": {
      "value": "E2M9TK93AIEIYA",
      "type": "string"
    },
    "employee_cloudfront_domain": {
      "value": "dmmygif8l3dvh.cloudfront.net",
      "type": "string"
    },
    "github_actions_role_arn": {
      "value": "arn:aws:iam::146469921099:role/club-ops-dev-github-actions",
      "type": "string"
    },
    "kiosk_token_secret_arn": {
      "value": "arn:aws:secretsmanager:us-east-1:146469921099:secret:club-ops/dev/kiosk-token-B9P3EM",
      "type": "string"
    },
    "office_bucket_name": {
      "value": "club-ops-dev-office-demo-146469921099",
      "type": "string"
    }
  },
  "resources": [
    {
      "mode": "data",
      "type": "aws_acm_certificate",
      "name": "office_frontend",
      "provider": "provider[\"registry.terraform.io/hashicorp/aws\"]",
      "instances": [
        {
          "schema_version": 0,
          "attributes": {
            "arn": "arn:aws:acm:us-east-1:146469921099:certificate/4db30f7e-6db3-4ab3-a235-3b61ac5e81cf",
            "certificate": "-----BEGIN CERTIFICATE-----\nMIIF4zCCBMugAwIBAgIQAewIkKlMtOPjJdIPCSehazANBgkqhkiG9w0BAQsFADA8\nMQswCQYDVQQGEwJVUzEPMA0GA1UEChMGQW1hem9uMRwwGgYDVQQDExNBbWF6b24g\nUlNBIDIwNDggTTAxMB4XDTI2MDIwMzAwMDAwMFoXDTI3MDMwNDIzNTk1OVowKDEm\nMCQGA1UEAxMdb2ZmaWNlLWRlbW8uam9zaHVha2Vzc2VsbC5jb20wggEiMA0GCSqG\nSIb3DQEBAQUAA4IBDwAwggEKAoIBAQCpfkzYxdtO2CiiNgliJAjw1dNlSPJr2lUk\n1o6kPee2z0I9MIpMvJXUqAqaJDsEZzGxTkdfCAjnZVlFgHRlZ25lGxbfcdqJ58vm\nikNPMymQbfbGZ9+/QZ4lYBGwsoAUPBxo7cxLNVp+Fkhfs1ZvvAD+B97uiQ3iZrO7\nRNhsxRdrhz9UpNA3llNbfwPU5l+jEKtVtehjkMD3qUdfcIA5xAAzoplUiBrf6nbw\nmUV5ojlWB/uGMUKQTdDz+44nFDijDTv2CWe6KV6asVZ/j+z7DIcbatid5XWSrgWy\nPM6FH8Rfek0RZC5ubjIrERgotkufxrQnPxSlmKnSuxCfA3zhrQJFAgMBAAGjggLz\nMIIC7zAfBgNVHSMEGDAWgBSBuA5jiokSGOX6OztQlZ/m5ZAThTAdBgNVHQ4EFgQU\navSYcD10hSU5BSX/cas/n2VGj34wKAYDVR0RBCEwH4Idb2ZmaWNlLWRlbW8uam9z\naHVha2Vzc2VsbC5jb20wEwYDVR0gBAwwCjAIBgZngQwBAgEwDgYDVR0PAQH/BAQD\nAgWgMBMGA1UdJQQMMAoGCCsGAQUFBwMBMDsGA1UdHwQ0MDIwMKAuoCyGKmh0dHA6\nLy9jcmwucjJtMDEuYW1hem9udHJ1c3QuY29tL3IybTAxLmNybDB1BggrBgEFBQcB\nAQRpMGcwLQYIKwYBBQUHMAGGIWh0dHA6Ly9vY3NwLnIybTAxLmFtYXpvbnRydXN0\nLmNvbTA2BggrBgEFBQcwAoYqaHR0cDovL2NydC5yMm0wMS5hbWF6b250cnVzdC5j\nb20vcjJtMDEuY2VyMAwGA1UdEwEB/wQCMAAwggGFBgorBgEEAdZ5AgQCBIIBdQSC\nAXEBbwB2AExj3JjlnB2riPYeij3ero+rRKM3e1+blMP7oZz8wb4mAAABnCMkak0A\nAAQDAEcwRQIgHnm2F6aVbo5KRhqmtHMj75+HGGu+wH6NYJIYaFTum8gCIQCE/FVu\nHC365EPbmgwLvUTAeGU005Yv6oY1tE9RckoZmQB1AByfaCzp+vBFaVD4G5aKh93b\nMhDYTObIsuOCUkrEz1mfAAABnCMkakQAAAQDAEYwRAIgBl7LdTQiWnH4SnDR4uUY\ncBi6IFS9qEdI4+X1qmpniMsCIA2RPwkUYwVmuXapOk6S7D5fxEy8IIo4b+0I56F0\nbCBtAH4AjspHC6zeavOiBrCkeoS3Rv4fxr+VPiXmm07kAkjzxugAAAGcIyRq8gAI\nAAAFAAJBz+IEAwBHMEUCIG6qJ5icmAcNigZ53mi6TZzWYOAnEZAXHT7GRs4MILhm\nAiEAmQyJKQwEQNF+uvbA20qBIK1BxkwNYpBJ5hPbWSlR2IIwDQYJKoZIhvcNAQEL\nBQADggEBAIdKeb60WUxx1mBEyD29z6E6bSaJguhGFpwjakCBaWmvTWPV409T1ge/\nyz5+5Rx30eecgnVtjV67vWTSX7ZOU5kespLjVlLHHjqbTmkzZisp2RmUoBqOQ04+\n9P1QKRgTgBHqwVH4RMU41FP08NLTb3WZcmh0wXR6ddrPwVNsP2tYbWXvRXyE/67J\nTUBgf4Xgo75RUzw3OBVkLl6Cb5iXgTYg6pHpFiwcb6kWz42oPeRoBrTzQtezy8s2\nvRpV4l9BLEE3rO/G8Zl7l1SkvEITdNmMMbiB35i2trBwB0k6LpZe0KMGoN03roJ5\nKYQe14caiG4RagiX44iwgoVIIwyNTvA=\n-----END CERTIFICATE-----\n",
            "certificate_chain": "-----BEGIN CERTIFICATE-----\nMIIEXjCCA0agAwIBAgITB3MSOAudZoijOx7Zv5zNpo4ODzANBgkqhkiG9w0BAQsF\nADA5MQswCQYDVQQGEwJVUzEPMA0GA1UEChMGQW1hem9uMRkwFwYDVQQDExBBbWF6\nb24gUm9vdCBDQSAxMB4XDTIyMDgyMzIyMjEyOFoXDTMwMDgyMzIyMjEyOFowPDEL\nMAkGA1UEBhMCVVMxDzANBgNVBAoTBkFtYXpvbjEcMBoGA1UEAxMTQW1hem9uIFJT\nQSAyMDQ4IE0wMTCCASIwDQYJKoZIhvcNAQEBBQADggEPADCCAQoCggEBAOtxLKnL\nH4gokjIwr4pXD3i3NyWVVYesZ1yX0yLI2qIUZ2t88Gfa4gMqs1YSXca1R/lnCKeT\nepWSGA+0+fkQNpp/L4C2T7oTTsddUx7g3ZYzByDTlrwS5HRQQqEFE3O1T5tEJP4t\nf+28IoXsNiEzl3UGzicYgtzj2cWCB41eJgEmJmcf2T8TzzK6a614ZPyq/w4CPAff\nnAV4coz96nW3AyiE2uhuB4zQUIXvgVSycW7sbWLvj5TDXunEpNCRwC4kkZjK7rol\njtT2cbb7W2s4Bkg3R42G3PLqBvt2N32e/0JOTViCk8/iccJ4sXqrS1uUN4iB5Nmv\nJK74csVl+0u0UecCAwEAAaOCAVowggFWMBIGA1UdEwEB/wQIMAYBAf8CAQAwDgYD\nVR0PAQH/BAQDAgGGMB0GA1UdJQQWMBQGCCsGAQUFBwMBBggrBgEFBQcDAjAdBgNV\nHQ4EFgQUgbgOY4qJEhjl+js7UJWf5uWQE4UwHwYDVR0jBBgwFoAUhBjMhTTsvAyU\nlC4IWZzHshBOCggwewYIKwYBBQUHAQEEbzBtMC8GCCsGAQUFBzABhiNodHRwOi8v\nb2NzcC5yb290Y2ExLmFtYXpvbnRydXN0LmNvbTA6BggrBgEFBQcwAoYuaHR0cDov\nL2NydC5yb290Y2ExLmFtYXpvbnRydXN0LmNvbS9yb290Y2ExLmNlcjA/BgNVHR8E\nODA2MDSgMqAwhi5odHRwOi8vY3JsLnJvb3RjYTEuYW1hem9udHJ1c3QuY29tL3Jv\nb3RjYTEuY3JsMBMGA1UdIAQMMAowCAYGZ4EMAQIBMA0GCSqGSIb3DQEBCwUAA4IB\nAQCtAN4CBSMuBjJitGuxlBbkEUDeK/pZwTXv4KqPK0G50fOHOQAd8j21p0cMBgbG\nkfMHVwLU7b0XwZCav0h1ogdPMN1KakK1DT0VwA/+hFvGPJnMV1Kx2G4S1ZaSk0uU\n5QfoiYIIano01J5k4T2HapKQmmOhS/iPtuo00wW+IMLeBuKMn3OLn005hcrOGTad\nhcmeyfhQP7Z+iKHvyoQGi1C0ClymHETx/chhQGDyYSWqB/THwnN15AwLQo0E5V9E\nSJlbe4mBlqeInUsNYugExNf+tOiybcrswBy8OFsd34XOW3rjSUtsuafd9AWySa3h\nxRRrwszrzX/WWGm6wyB+f7C4\n-----END CERTIFICATE-----\n-----BEGIN CERTIFICATE-----\nMIIEkjCCA3qgAwIBAgITBn+USionzfP6wq4rAfkI7rnExjANBgkqhkiG9w0BAQsF\nADCBmDELMAkGA1UEBhMCVVMxEDAOBgNVBAgTB0FyaXpvbmExEzARBgNVBAcTClNj\nb3R0c2RhbGUxJTAjBgNVBAoTHFN0YXJmaWVsZCBUZWNobm9sb2dpZXMsIEluYy4x\nOzA5BgNVBAMTMlN0YXJmaWVsZCBTZXJ2aWNlcyBSb290IENlcnRpZmljYXRlIEF1\ndGhvcml0eSAtIEcyMB4XDTE1MDUyNTEyMDAwMFoXDTM3MTIzMTAxMDAwMFowOTEL\nMAkGA1UEBhMCVVMxDzANBgNVBAoTBkFtYXpvbjEZMBcGA1UEAxMQQW1hem9uIFJv\nb3QgQ0EgMTCCASIwDQYJKoZIhvcNAQEBBQADggEPADCCAQoCggEBALJ4gHHKeNXj\nca9HgFB0fW7Y14h29Jlo91ghYPl0hAEvrAIthtOgQ3pOsqTQNroBvo3bSMgHFzZM\n9O6II8c+6zf1tRn4SWiw3te5djgdYZ6k/oI2peVKVuRF4fn9tBb6dNqcmzU5L/qw\nIFAGbHrQgLKm+a/sRxmPUDgH3KKHOVj4utWp+UhnMJbulHheb4mjUcAwhmahRWa6\nVOujw5H5SNz/0egwLX0tdHA114gk957EWW67c4cX8jJGKLhD+rcdqsq08p8kDi1L\n93FcXmn/6pUCyziKrlA4b9v7LWIbxcceVOF34GfID5yHI9Y/QCB/IIDEgEw+OyQm\njgSubJrIqg0CAwEAAaOCATEwggEtMA8GA1UdEwEB/wQFMAMBAf8wDgYDVR0PAQH/\nBAQDAgGGMB0GA1UdDgQWBBSEGMyFNOy8DJSULghZnMeyEE4KCDAfBgNVHSMEGDAW\ngBScXwDfqgHXMCs4iKK4bUqc8hGRgzB4BggrBgEFBQcBAQRsMGowLgYIKwYBBQUH\nMAGGImh0dHA6Ly9vY3NwLnJvb3RnMi5hbWF6b250cnVzdC5jb20wOAYIKwYBBQUH\nMAKGLGh0dHA6Ly9jcnQucm9vdGcyLmFtYXpvbnRydXN0LmNvbS9yb290ZzIuY2Vy\nMD0GA1UdHwQ2MDQwMqAwoC6GLGh0dHA6Ly9jcmwucm9vdGcyLmFtYXpvbnRydXN0\nLmNvbS9yb290ZzIuY3JsMBEGA1UdIAQKMAgwBgYEVR0gADANBgkqhkiG9w0BAQsF\nAAOCAQEAYjdCXLwQtT6LLOkMm2xF4gcAevnFWAu5CIw+7bMlPLVvUOTNNWqnkzSW\nMiGpSESrnO09tKpzbeR/FoCJbM8oAxiDR3mjEH4wW6w7sGDgd9QIpuEdfF7Au/ma\neyKdpwAJfqxGF4PcnCZXmTA5YpaP7dreqsXMGz7KQ2hsVxa81Q4gLv7/wmpdLqBK\nbRRYh5TmOTFffHPLkIhqhBGWJ6bt2YFGpn6jcgAKUj6DiAdjd4lpFw85hdKrCEVN\n0FE6/V1dN2RMfjCyVSRCnTawXZwXgWHxyvkQAiSr6w10kY17RSlQOYiypok1JR4U\nakcjMS9cmvqtmg5iUaQqqcT5NJ0hGA==\n-----END CERTIFICATE-----\n",
            "domain": "office-demo.joshuakessell.com",
            "id": "arn:aws:acm:us-east-1:146469921099:certificate/4db30f7e-6db3-4ab3-a235-3b61ac5e81cf",
            "key_types": null,
            "most_recent": true,
            "status": "ISSUED",
            "statuses": [
              "ISSUED"
            ],
            "tags": {},
            "types": null
          },
          "sensitive_attributes": [],
          "identity_schema_version": 0
        }
      ]
    },
    {
      "mode": "data",
      "type": "aws_cloudfront_cache_policy",
      "name": "caching_optimized",
      "provider": "provider[\"registry.terraform.io/hashicorp/aws\"]",
      "instances": [
        {
          "schema_version": 0,
          "attributes": {
            "arn": "arn:aws:cloudfront::146469921099:cache-policy/658327ea-f89d-4fab-a63d-7e88639e58f6",
            "comment": "Policy with caching enabled. Supports Gzip and Brotli compression.",
            "default_ttl": 86400,
            "etag": "E23ZP02F085DFQ",
            "id": "658327ea-f89d-4fab-a63d-7e88639e58f6",
            "max_ttl": 31536000,
            "min_ttl": 1,
            "name": "Managed-CachingOptimized",
            "parameters_in_cache_key_and_forwarded_to_origin": [
              {
                "cookies_config": [
                  {
                    "cookie_behavior": "none",
                    "cookies": []
                  }
                ],
                "enable_accept_encoding_brotli": true,
                "enable_accept_encoding_gzip": true,
                "headers_config": [
                  {
                    "header_behavior": "none",
                    "headers": []
                  }
                ],
                "query_strings_config": [
                  {
                    "query_string_behavior": "none",
                    "query_strings": []
                  }
                ]
              }
            ]
          },
          "sensitive_attributes": [],
          "identity_schema_version": 0
        }
      ]
    },
    {
      "mode": "data",
      "type": "aws_cloudfront_origin_request_policy",
      "name": "cors_s3",
      "provider": "provider[\"registry.terraform.io/hashicorp/aws\"]",
      "instances": [
        {
          "schema_version": 0,
          "attributes": {
            "arn": "arn:aws:cloudfront::146469921099:origin-request-policy/88a5eaf4-2fd4-4709-b370-b4c650ea3fcf",
            "comment": "Policy for S3 origin with CORS",
            "cookies_config": [
              {
                "cookie_behavior": "none",
                "cookies": []
              }
            ],
            "etag": "E23ZP02F085DFQ",
            "headers_config": [
              {
                "header_behavior": "whitelist",
                "headers": [
                  {
                    "items": [
                      "access-control-request-headers",
                      "access-control-request-method",
                      "origin"
                    ]
                  }
                ]
              }
            ],
            "id": "88a5eaf4-2fd4-4709-b370-b4c650ea3fcf",
            "name": "Managed-CORS-S3Origin",
            "query_strings_config": [
              {
                "query_string_behavior": "none",
                "query_strings": []
              }
            ]
          },
          "sensitive_attributes": [],
          "identity_schema_version": 0
        }
      ]
    },
    {
      "mode": "data",
      "type": "aws_subnet",
      "name": "default",
      "provider": "provider[\"registry.terraform.io/hashicorp/aws\"]",
      "instances": [
        {
          "index_key": "subnet-0285b19e3dad1f01c",
          "schema_version": 0,
          "attributes": {
            "arn": "arn:aws:ec2:us-east-1:146469921099:subnet/subnet-0285b19e3dad1f01c",
            "assign_ipv6_address_on_creation": false,
            "availability_zone": "us-east-1e",
            "availability_zone_id": "use1-az3",
            "available_ip_address_count": 4091,
            "cidr_block": "172.31.48.0/20",
            "customer_owned_ipv4_pool": "",
            "default_for_az": true,
            "enable_dns64": false,
            "enable_lni_at_device_index": 0,
            "enable_resource_name_dns_a_record_on_launch": false,
            "enable_resource_name_dns_aaaa_record_on_launch": false,
            "filter": null,
            "id": "subnet-0285b19e3dad1f01c",
            "ipv6_cidr_block": "",
            "ipv6_cidr_block_association_id": "",
            "ipv6_native": false,
            "map_customer_owned_ip_on_launch": false,
            "map_public_ip_on_launch": true,
            "outpost_arn": "",
            "owner_id": "146469921099",
            "private_dns_hostname_type_on_launch": "ip-name",
            "state": "available",
            "tags": {},
            "timeouts": null,
            "vpc_id": "vpc-0a21ba8fbf9b5342c"
          },
          "sensitive_attributes": [],
          "identity_schema_version": 0
        },
        {
          "index_key": "subnet-06d424fbf6695d1c5",
          "schema_version": 0,
          "attributes": {
            "arn": "arn:aws:ec2:us-east-1:146469921099:subnet/subnet-06d424fbf6695d1c5",
            "assign_ipv6_address_on_creation": false,
            "availability_zone": "us-east-1b",
            "availability_zone_id": "use1-az2",
            "available_ip_address_count": 4090,
            "cidr_block": "172.31.80.0/20",
            "customer_owned_ipv4_pool": "",
            "default_for_az": true,
            "enable_dns64": false,
            "enable_lni_at_device_index": 0,
            "enable_resource_name_dns_a_record_on_launch": false,
            "enable_resource_name_dns_aaaa_record_on_launch": false,
            "filter": null,
            "id": "subnet-06d424fbf6695d1c5",
            "ipv6_cidr_block": "",
            "ipv6_cidr_block_association_id": "",
            "ipv6_native": false,
            "map_customer_owned_ip_on_launch": false,
            "map_public_ip_on_launch": true,
            "outpost_arn": "",
            "owner_id": "146469921099",
            "private_dns_hostname_type_on_launch": "ip-name",
            "state": "available",
            "tags": {},
            "timeouts": null,
            "vpc_id": "vpc-0a21ba8fbf9b5342c"
          },
          "sensitive_attributes": [],
          "identity_schema_version": 0
        },
        {
          "index_key": "subnet-08d66d527c7477c44",
          "schema_version": 0,
          "attributes": {
            "arn": "arn:aws:ec2:us-east-1:146469921099:subnet/subnet-08d66d527c7477c44",
            "assign_ipv6_address_on_creation": false,
            "availability_zone": "us-east-1c",
            "availability_zone_id": "use1-az4",
            "available_ip_address_count": 4089,
            "cidr_block": "172.31.16.0/20",
            "customer_owned_ipv4_pool": "",
            "default_for_az": true,
            "enable_dns64": false,
            "enable_lni_at_device_index": 0,
            "enable_resource_name_dns_a_record_on_launch": false,
            "enable_resource_name_dns_aaaa_record_on_launch": false,
            "filter": null,
            "id": "subnet-08d66d527c7477c44",
            "ipv6_cidr_block": "",
            "ipv6_cidr_block_association_id": "",
            "ipv6_native": false,
            "map_customer_owned_ip_on_launch": false,
            "map_public_ip_on_launch": true,
            "outpost_arn": "",
            "owner_id": "146469921099",
            "private_dns_hostname_type_on_launch": "ip-name",
            "state": "available",
            "tags": {},
            "timeouts": null,
            "vpc_id": "vpc-0a21ba8fbf9b5342c"
          },
          "sensitive_attributes": [],
          "identity_schema_version": 0
        },
        {
          "index_key": "subnet-091ab6ae37b554c4e",
          "schema_version": 0,
          "attributes": {
            "arn": "arn:aws:ec2:us-east-1:146469921099:subnet/subnet-091ab6ae37b554c4e",
            "assign_ipv6_address_on_creation": false,
            "availability_zone": "us-east-1f",
            "availability_zone_id": "use1-az5",
            "available_ip_address_count": 4090,
            "cidr_block": "172.31.64.0/20",
            "customer_owned_ipv4_pool": "",
            "default_for_az": true,
            "enable_dns64": false,
            "enable_lni_at_device_index": 0,
            "enable_resource_name_dns_a_record_on_launch": false,
            "enable_resource_name_dns_aaaa_record_on_launch": false,
            "filter": null,
            "id": "subnet-091ab6ae37b554c4e",
            "ipv6_cidr_block": "",
            "ipv6_cidr_block_association_id": "",
            "ipv6_native": false,
            "map_customer_owned_ip_on_launch": false,
            "map_public_ip_on_launch": true,
            "outpost_arn": "",
            "owner_id": "146469921099",
            "private_dns_hostname_type_on_launch": "ip-name",
            "state": "available",
            "tags": {},
            "timeouts": null,
            "vpc_id": "vpc-0a21ba8fbf9b5342c"
          },
          "sensitive_attributes": [],
          "identity_schema_version": 0
        },
        {
          "index_key": "subnet-0ddca4eda7141f239",
          "schema_version": 0,
          "attributes": {
            "arn": "arn:aws:ec2:us-east-1:146469921099:subnet/subnet-0ddca4eda7141f239",
            "assign_ipv6_address_on_creation": false,
            "availability_zone": "us-east-1a",
            "availability_zone_id": "use1-az1",
            "available_ip_address_count": 4091,
            "cidr_block": "172.31.0.0/20",
            "customer_owned_ipv4_pool": "",
            "default_for_az": true,
            "enable_dns64": false,
            "enable_lni_at_device_index": 0,
            "enable_resource_name_dns_a_record_on_launch": false,
            "enable_resource_name_dns_aaaa_record_on_launch": false,
            "filter": null,
            "id": "subnet-0ddca4eda7141f239",
            "ipv6_cidr_block": "",
            "ipv6_cidr_block_association_id": "",
            "ipv6_native": false,
            "map_customer_owned_ip_on_launch": false,
            "map_public_ip_on_launch": true,
            "outpost_arn": "",
            "owner_id": "146469921099",
            "private_dns_hostname_type_on_launch": "ip-name",
            "state": "available",
            "tags": {},
            "timeouts": null,
            "vpc_id": "vpc-0a21ba8fbf9b5342c"
          },
          "sensitive_attributes": [],
          "identity_schema_version": 0
        },
        {
          "index_key": "subnet-0ebbad3dba8a7a3ff",
          "schema_version": 0,
          "attributes": {
            "arn": "arn:aws:ec2:us-east-1:146469921099:subnet/subnet-0ebbad3dba8a7a3ff",
            "assign_ipv6_address_on_creation": false,
            "availability_zone": "us-east-1d",
            "availability_zone_id": "use1-az6",
            "available_ip_address_count": 4091,
            "cidr_block": "172.31.32.0/20",
            "customer_owned_ipv4_pool": "",
            "default_for_az": true,
            "enable_dns64": false,
            "enable_lni_at_device_index": 0,
            "enable_resource_name_dns_a_record_on_launch": false,
            "enable_resource_name_dns_aaaa_record_on_launch": false,
            "filter": null,
            "id": "subnet-0ebbad3dba8a7a3ff",
            "ipv6_cidr_block": "",
            "ipv6_cidr_block_association_id": "",
            "ipv6_native": false,
            "map_customer_owned_ip_on_launch": false,
            "map_public_ip_on_launch": true,
            "outpost_arn": "",
            "owner_id": "146469921099",
            "private_dns_hostname_type_on_launch": "ip-name",
            "state": "available",
            "tags": {},
            "timeouts": null,
            "vpc_id": "vpc-0a21ba8fbf9b5342c"
          },
          "sensitive_attributes": [],
          "identity_schema_version": 0
        }
      ]
    },
    {
      "mode": "data",
      "type": "aws_subnets",
      "name": "default",
      "provider": "provider[\"registry.terraform.io/hashicorp/aws\"]",
      "instances": [
        {
          "schema_version": 0,
          "attributes": {
            "filter": [
              {
                "name": "vpc-id",
                "values": [
                  "vpc-0a21ba8fbf9b5342c"
                ]
              }
            ],
            "id": "us-east-1",
            "ids": [
              "subnet-08d66d527c7477c44",
              "subnet-0ebbad3dba8a7a3ff",
              "subnet-0ddca4eda7141f239",
              "subnet-091ab6ae37b554c4e",
              "subnet-06d424fbf6695d1c5",
              "subnet-0285b19e3dad1f01c"
            ],
            "tags": null,
            "timeouts": null
          },
          "sensitive_attributes": [],
          "identity_schema_version": 0
        }
      ]
    },
    {
      "mode": "data",
      "type": "aws_vpc",
      "name": "default",
      "provider": "provider[\"registry.terraform.io/hashicorp/aws\"]",
      "instances": [
        {
          "schema_version": 0,
          "attributes": {
            "arn": "arn:aws:ec2:us-east-1:146469921099:vpc/vpc-0a21ba8fbf9b5342c",
            "cidr_block": "172.31.0.0/16",
            "cidr_block_associations": [
              {
                "association_id": "vpc-cidr-assoc-00feededa9f6fcb9e",
                "cidr_block": "172.31.0.0/16",
                "state": "associated"
              }
            ],
            "default": true,
            "dhcp_options_id": "dopt-070843453ff2879a4",
            "enable_dns_hostnames": true,
            "enable_dns_support": true,
            "enable_network_address_usage_metrics": false,
            "filter": null,
            "id": "vpc-0a21ba8fbf9b5342c",
            "instance_tenancy": "default",
            "ipv6_association_id": "",
            "ipv6_cidr_block": "",
            "main_route_table_id": "rtb-094180c93d988c20a",
            "owner_id": "146469921099",
            "state": null,
            "tags": {},
            "timeouts": null
          },
          "sensitive_attributes": [],
          "identity_schema_version": 0
        }
      ]
    },
    {
      "mode": "managed",
      "type": "aws_acm_certificate",
      "name": "frontend",
      "provider": "provider[\"registry.terraform.io/hashicorp/aws\"]",
      "instances": [
        {
          "schema_version": 0,
          "attributes": {
            "arn": "arn:aws:acm:us-east-1:146469921099:certificate/695a519b-0ebb-4419-8911-99e2264a3764",
            "certificate_authority_arn": "",
            "certificate_body": null,
            "certificate_chain": null,
            "domain_name": "employee-demo.joshuakessell.com",
            "domain_validation_options": [
              {
                "domain_name": "customer-demo.joshuakessell.com",
                "resource_record_name": "_f8e27b938bb8251d36dd2ee3968ff611.customer-demo.joshuakessell.com.",
                "resource_record_type": "CNAME",
                "resource_record_value": "_4b808a9dad7b94302af726228c5682a2.jkddzztszm.acm-validations.aws."
              },
              {
                "domain_name": "employee-demo.joshuakessell.com",
                "resource_record_name": "_5e455d13c3c036f838a29f52b1aa6522.employee-demo.joshuakessell.com.",
                "resource_record_type": "CNAME",
                "resource_record_value": "_ea31b0dac4ebfbb6fedf379f91df3c77.jkddzztszm.acm-validations.aws."
              }
            ],
            "early_renewal_duration": "",
            "id": "arn:aws:acm:us-east-1:146469921099:certificate/695a519b-0ebb-4419-8911-99e2264a3764",
            "key_algorithm": "RSA_2048",
            "not_after": "2027-03-02T23:59:59Z",
            "not_before": "2026-02-01T00:00:00Z",
            "options": [
              {
                "certificate_transparency_logging_preference": "ENABLED"
              }
            ],
            "pending_renewal": false,
            "private_key": null,
            "renewal_eligibility": "ELIGIBLE",
            "renewal_summary": [],
            "status": "ISSUED",
            "subject_alternative_names": [
              "customer-demo.joshuakessell.com",
              "employee-demo.joshuakessell.com"
            ],
            "tags": {},
            "tags_all": {
              "Environment": "dev",
              "Owner": "JoshuaKessell",
              "Project": "ClubOperationsPOS"
            },
            "type": "AMAZON_ISSUED",
            "validation_emails": [],
            "validation_method": "DNS",
            "validation_option": []
          },
          "sensitive_attributes": [
            [
              {
                "type": "get_attr",
                "value": "private_key"
              }
            ]
          ],
          "identity_schema_version": 0,
          "private": "bnVsbA=="
        }
      ]
    },
    {
      "mode": "managed",
      "type": "aws_acm_certificate_validation",
      "name": "frontend",
      "provider": "provider[\"registry.terraform.io/hashicorp/aws\"]",
      "instances": [
        {
          "schema_version": 0,
          "attributes": {
            "certificate_arn": "arn:aws:acm:us-east-1:146469921099:certificate/695a519b-0ebb-4419-8911-99e2264a3764",
            "id": "0001-01-01 00:00:00 +0000 UTC",
            "timeouts": null,
            "validation_record_fqdns": [
              "_5e455d13c3c036f838a29f52b1aa6522.employee-demo.joshuakessell.com.",
              "_f8e27b938bb8251d36dd2ee3968ff611.customer-demo.joshuakessell.com."
            ]
          },
          "sensitive_attributes": [],
          "identity_schema_version": 0,
          "private": "eyJlMmJmYjczMC1lY2FhLTExZTYtOGY4OC0zNDM2M2JjN2M0YzAiOnsiY3JlYXRlIjo0NTAwMDAwMDAwMDAwfX0=",
          "dependencies": [
            "aws_acm_certificate.frontend"
          ]
        }
      ]
    },
    {
      "mode": "managed",
      "type": "aws_apprunner_custom_domain_association",
      "name": "api",
      "provider": "provider[\"registry.terraform.io/hashicorp/aws\"]",
      "instances": [
        {
          "schema_version": 0,
          "attributes": {
            "certificate_validation_records": [
              {
                "name": "_0143e5b39eaf52243ffe3a64c9e93ab5.api-demo.joshuakessell.com.",
                "status": "SUCCESS",
                "type": "CNAME",
                "value": "_ad3a709e3a31c4055b5d94836f25ee44.jkddzztszm.acm-validations.aws."
              },
              {
                "name": "_73fbe15f9962265cc532bb6c29333547.2a57j7824by9exnuqgh4jzqx356ziwi.api-demo.joshuakessell.com.",
                "status": "SUCCESS",
                "type": "CNAME",
                "value": "_b38ada999a15175da49fcf7f9b83de0d.jkddzztszm.acm-validations.aws."
              },
              {
                "name": "_9bc30580ac2158dfcb825d0d56919d1e.www.api-demo.joshuakessell.com.",
                "status": "SUCCESS",
                "type": "CNAME",
                "value": "_b652ac554d6364936e75b6a51d2e701b.jkddzztszm.acm-validations.aws."
              }
            ],
            "dns_target": "s9ue2amcpr.us-east-1.awsapprunner.com",
            "domain_name": "api-demo.joshuakessell.com",
            "enable_www_subdomain": true,
            "id": "api-demo.joshuakessell.com,arn:aws:apprunner:us-east-1:146469921099:service/club-ops-api-dev/b7f0501e60d54adf83a12d30af6d5a9f",
            "service_arn": "arn:aws:apprunner:us-east-1:146469921099:service/club-ops-api-dev/b7f0501e60d54adf83a12d30af6d5a9f",
            "status": "active"
          },
          "sensitive_attributes": [],
          "identity_schema_version": 0,
          "private": "bnVsbA==",
          "dependencies": [
            "aws_apprunner_service.api",
            "aws_apprunner_vpc_connector.api",
            "aws_iam_role.apprunner_ecr_access",
            "aws_iam_role.apprunner_instance",
            "aws_security_group.apprunner",
            "data.aws_subnet.default",
            "data.aws_subnets.default",
            "data.aws_vpc.default"
          ]
        }
      ]
    },
    {
      "mode": "managed",
      "type": "aws_apprunner_service",
      "name": "api",
      "provider": "provider[\"registry.terraform.io/hashicorp/aws\"]",
      "instances": [
        {
          "schema_version": 0,
          "attributes": {
            "arn": "arn:aws:apprunner:us-east-1:146469921099:service/club-ops-api-dev/b7f0501e60d54adf83a12d30af6d5a9f",
            "auto_scaling_configuration_arn": "arn:aws:apprunner:us-east-1:146469921099:autoscalingconfiguration/club-ops-dev-min1max1/1/6e2cb2a5f60741f09dfde04696dbb532",
            "encryption_configuration": [],
            "health_check_configuration": [
              {
                "healthy_threshold": 1,
                "interval": 10,
                "path": "/",
                "protocol": "TCP",
                "timeout": 5,
                "unhealthy_threshold": 5
              }
            ],
            "id": "arn:aws:apprunner:us-east-1:146469921099:service/club-ops-api-dev/b7f0501e60d54adf83a12d30af6d5a9f",
            "instance_configuration": [
              {
                "cpu": "1024",
                "instance_role_arn": "arn:aws:iam::146469921099:role/app-runner-instance-secrets",
                "memory": "2048"
              }
            ],
            "network_configuration": [
              {
                "egress_configuration": [
                  {
                    "egress_type": "VPC",
                    "vpc_connector_arn": "arn:aws:apprunner:us-east-1:146469921099:vpcconnector/club-ops-dev-connector/1/a29f24f125fe4f79bd544502c8c7c6bc"
                  }
                ],
                "ingress_configuration": [
                  {
                    "is_publicly_accessible": true
                  }
                ],
                "ip_address_type": "IPV4"
              }
            ],
            "observability_configuration": [
              {
                "observability_configuration_arn": "",
                "observability_enabled": false
              }
            ],
            "service_id": "b7f0501e60d54adf83a12d30af6d5a9f",
            "service_name": "club-ops-api-dev",
            "service_url": "s9ue2amcpr.us-east-1.awsapprunner.com",
            "source_configuration": [
              {
                "authentication_configuration": [
                  {
                    "access_role_arn": "arn:aws:iam::146469921099:role/club-ops-dev-apprunner-ecr-access",
                    "connection_arn": ""
                  }
                ],
                "auto_deployments_enabled": false,
                "code_repository": [],
                "image_repository": [
                  {
                    "image_configuration": [
                      {
                        "port": "5432",
                        "runtime_environment_secrets": {
                          "KIOSK_TOKEN": "arn:aws:secretsmanager:us-east-1:146469921099:secret:club-ops/kiosk-token-ZQOHRn"
                        },
                        "runtime_environment_variables": {
                          "DATABASE_URL": "postgresql://clubops:]EfsD\u003e\u003c6r~qnscv-t6FBFg~$oMVO@club-ops-db.cobu0oqcipf5.us-east-1.rds.amazonaws.com:5432/club_ops_db?sslmode=require",
                          "DB_SSL": "true",
                          "DEMO_INCREMENTAL": "true",
                          "SEED_ON_STARTUP": "false"
                        },
                        "start_command": ""
                      }
                    ],
                    "image_identifier": "146469921099.dkr.ecr.us-east-1.amazonaws.com/club-ops-api:dev-latest",
                    "image_repository_type": "ECR"
                  }
                ]
              }
            ],
            "status": "RUNNING",
            "tags": {},
            "tags_all": {
              "Environment": "dev",
              "Owner": "JoshuaKessell",
              "Project": "ClubOperationsPOS"
            }
          },
          "sensitive_attributes": [],
          "identity_schema_version": 0,
          "private": "bnVsbA==",
          "dependencies": [
            "aws_apprunner_vpc_connector.api",
            "aws_iam_role.apprunner_ecr_access",
            "aws_iam_role.apprunner_instance",
            "aws_security_group.apprunner",
            "data.aws_subnet.default",
            "data.aws_subnets.default",
            "data.aws_vpc.default"
          ]
        }
      ]
    },
    {
      "mode": "managed",
      "type": "aws_apprunner_vpc_connector",
      "name": "api",
      "provider": "provider[\"registry.terraform.io/hashicorp/aws\"]",
      "instances": [
        {
          "schema_version": 0,
          "attributes": {
            "arn": "arn:aws:apprunner:us-east-1:146469921099:vpcconnector/club-ops-dev-api-connector/1/b608667a942843768f06d40ac3f8a4a2",
            "id": "arn:aws:apprunner:us-east-1:146469921099:vpcconnector/club-ops-dev-api-connector/1/b608667a942843768f06d40ac3f8a4a2",
            "security_groups": [
              "sg-0e1b8258e1a7f1139"
            ],
            "status": "ACTIVE",
            "subnets": [
              "subnet-06d424fbf6695d1c5",
              "subnet-08d66d527c7477c44",
              "subnet-091ab6ae37b554c4e",
              "subnet-0ddca4eda7141f239",
              "subnet-0ebbad3dba8a7a3ff"
            ],
            "tags": {},
            "tags_all": {
              "Environment": "dev",
              "Owner": "JoshuaKessell",
              "Project": "ClubOperationsPOS"
            },
            "vpc_connector_name": "club-ops-dev-api-connector",
            "vpc_connector_revision": 1
          },
          "sensitive_attributes": [],
          "identity_schema_version": 0,
          "private": "bnVsbA==",
          "dependencies": [
            "aws_security_group.apprunner",
            "data.aws_subnet.default",
            "data.aws_subnets.default",
            "data.aws_vpc.default"
          ]
        }
      ]
    },
    {
      "mode": "managed",
      "type": "aws_cloudfront_distribution",
      "name": "customer",
      "provider": "provider[\"registry.terraform.io/hashicorp/aws\"]",
      "instances": [
        {
          "schema_version": 1,
          "attributes": {
            "aliases": [
              "customer-demo.joshuakessell.com"
            ],
            "arn": "arn:aws:cloudfront::146469921099:distribution/EFVEGUM8BIPN1",
            "caller_reference": "e88d6d31-6c29-4607-bdf9-3d6985c46033",
            "comment": null,
            "continuous_deployment_policy_id": "",
            "custom_error_response": [
              {
                "error_caching_min_ttl": 0,
                "error_code": 403,
                "response_code": 200,
                "response_page_path": "/index.html"
              },
              {
                "error_caching_min_ttl": 0,
                "error_code": 404,
                "response_code": 200,
                "response_page_path": "/index.html"
              }
            ],
            "default_cache_behavior": [
              {
                "allowed_methods": [
                  "GET",
                  "HEAD",
                  "OPTIONS"
                ],
                "cache_policy_id": "658327ea-f89d-4fab-a63d-7e88639e58f6",
                "cached_methods": [
                  "GET",
                  "HEAD",
                  "OPTIONS"
                ],
                "compress": true,
                "default_ttl": 0,
                "field_level_encryption_id": "",
                "forwarded_values": [],
                "function_association": [],
                "grpc_config": [
                  {
                    "enabled": false
                  }
                ],
                "lambda_function_association": [],
                "max_ttl": 0,
                "min_ttl": 0,
                "origin_request_policy_id": "88a5eaf4-2fd4-4709-b370-b4c650ea3fcf",
                "realtime_log_config_arn": "",
                "response_headers_policy_id": "",
                "smooth_streaming": false,
                "target_origin_id": "customer-s3",
                "trusted_key_groups": [],
                "trusted_signers": [],
                "viewer_protocol_policy": "redirect-to-https"
              }
            ],
            "default_root_object": "index.html",
            "domain_name": "d14yynmthplrsc.cloudfront.net",
            "enabled": true,
            "etag": "EN1VRQENFRJN5",
            "hosted_zone_id": "Z2FDTNDATAQYW2",
            "http_version": "http2",
            "id": "EFVEGUM8BIPN1",
            "in_progress_validation_batches": 0,
            "is_ipv6_enabled": true,
            "last_modified_time": "2026-02-02 02:30:40.537 +0000 UTC",
            "logging_config": [],
            "ordered_cache_behavior": [],
            "origin": [
              {
                "connection_attempts": 3,
                "connection_timeout": 10,
                "custom_header": [],
                "custom_origin_config": [],
                "domain_name": "club-ops-dev-customer-demo.s3.us-east-1.amazonaws.com",
                "origin_access_control_id": "E1VSVO349GWF1J",
                "origin_id": "customer-s3",
                "origin_path": "",
                "origin_shield": [],
                "s3_origin_config": [],
                "vpc_origin_config": []
              }
            ],
            "origin_group": [],
            "price_class": "PriceClass_All",
            "restrictions": [
              {
                "geo_restriction": [
                  {
                    "locations": [],
                    "restriction_type": "none"
                  }
                ]
              }
            ],
            "retain_on_delete": false,
            "staging": false,
            "status": "Deployed",
            "tags": {},
            "tags_all": {
              "Environment": "dev",
              "Owner": "JoshuaKessell",
              "Project": "ClubOperationsPOS"
            },
            "trusted_key_groups": [
              {
                "enabled": false,
                "items": []
              }
            ],
            "trusted_signers": [
              {
                "enabled": false,
                "items": []
              }
            ],
            "viewer_certificate": [
              {
                "acm_certificate_arn": "arn:aws:acm:us-east-1:146469921099:certificate/695a519b-0ebb-4419-8911-99e2264a3764",
                "cloudfront_default_certificate": false,
                "iam_certificate_id": "",
                "minimum_protocol_version": "TLSv1.2_2021",
                "ssl_support_method": "sni-only"
              }
            ],
            "wait_for_deployment": true,
            "web_acl_id": "arn:aws:wafv2:us-east-1:146469921099:global/webacl/CreatedByCloudFront-1bea8086/3079b04f-bb64-48ef-be5d-3fce672335b5"
          },
          "sensitive_attributes": [],
          "identity_schema_version": 0,
          "private": "eyJzY2hlbWFfdmVyc2lvbiI6IjEifQ==",
          "dependencies": [
            "aws_acm_certificate.frontend",
            "aws_acm_certificate_validation.frontend",
            "aws_cloudfront_origin_access_control.customer",
            "aws_s3_bucket.customer",
            "data.aws_cloudfront_cache_policy.caching_optimized",
            "data.aws_cloudfront_origin_request_policy.cors_s3"
          ]
        }
      ]
    },
    {
      "mode": "managed",
      "type": "aws_cloudfront_distribution",
      "name": "employee",
      "provider": "provider[\"registry.terraform.io/hashicorp/aws\"]",
      "instances": [
        {
          "schema_version": 1,
          "attributes": {
            "aliases": [
              "employee-demo.joshuakessell.com"
            ],
            "arn": "arn:aws:cloudfront::146469921099:distribution/E2M9TK93AIEIYA",
            "caller_reference": "7f544c78-e3b5-4f6f-8c0d-ea32f647a425",
            "comment": null,
            "continuous_deployment_policy_id": "",
            "custom_error_response": [
              {
                "error_caching_min_ttl": 0,
                "error_code": 403,
                "response_code": 200,
                "response_page_path": "/index.html"
              },
              {
                "error_caching_min_ttl": 0,
                "error_code": 404,
                "response_code": 200,
                "response_page_path": "/index.html"
              }
            ],
            "default_cache_behavior": [
              {
                "allowed_methods": [
                  "GET",
                  "HEAD",
                  "OPTIONS"
                ],
                "cache_policy_id": "658327ea-f89d-4fab-a63d-7e88639e58f6",
                "cached_methods": [
                  "GET",
                  "HEAD",
                  "OPTIONS"
                ],
                "compress": true,
                "default_ttl": 0,
                "field_level_encryption_id": "",
                "forwarded_values": [],
                "function_association": [],
                "grpc_config": [
                  {
                    "enabled": false
                  }
                ],
                "lambda_function_association": [],
                "max_ttl": 0,
                "min_ttl": 0,
                "origin_request_policy_id": "88a5eaf4-2fd4-4709-b370-b4c650ea3fcf",
                "realtime_log_config_arn": "",
                "response_headers_policy_id": "",
                "smooth_streaming": false,
                "target_origin_id": "employee-s3",
                "trusted_key_groups": [],
                "trusted_signers": [],
                "viewer_protocol_policy": "redirect-to-https"
              }
            ],
            "default_root_object": "index.html",
            "domain_name": "dmmygif8l3dvh.cloudfront.net",
            "enabled": true,
            "etag": "E3JWKAKR8XB7XF",
            "hosted_zone_id": "Z2FDTNDATAQYW2",
            "http_version": "http2",
            "id": "E2M9TK93AIEIYA",
            "in_progress_validation_batches": 0,
            "is_ipv6_enabled": true,
            "last_modified_time": "2026-02-02 02:30:42.285 +0000 UTC",
            "logging_config": [],
            "ordered_cache_behavior": [],
            "origin": [
              {
                "connection_attempts": 3,
                "connection_timeout": 10,
                "custom_header": [],
                "custom_origin_config": [],
                "domain_name": "club-ops-dev-employee-demo.s3.us-east-1.amazonaws.com",
                "origin_access_control_id": "E37Q27AFVIB6EI",
                "origin_id": "employee-s3",
                "origin_path": "",
                "origin_shield": [],
                "s3_origin_config": [],
                "vpc_origin_config": []
              }
            ],
            "origin_group": [],
            "price_class": "PriceClass_All",
            "restrictions": [
              {
                "geo_restriction": [
                  {
                    "locations": [],
                    "restriction_type": "none"
                  }
                ]
              }
            ],
            "retain_on_delete": false,
            "staging": false,
            "status": "Deployed",
            "tags": {},
            "tags_all": {
              "Environment": "dev",
              "Owner": "JoshuaKessell",
              "Project": "ClubOperationsPOS"
            },
            "trusted_key_groups": [
              {
                "enabled": false,
                "items": []
              }
            ],
            "trusted_signers": [
              {
                "enabled": false,
                "items": []
              }
            ],
            "viewer_certificate": [
              {
                "acm_certificate_arn": "arn:aws:acm:us-east-1:146469921099:certificate/695a519b-0ebb-4419-8911-99e2264a3764",
                "cloudfront_default_certificate": false,
                "iam_certificate_id": "",
                "minimum_protocol_version": "TLSv1.2_2021",
                "ssl_support_method": "sni-only"
              }
            ],
            "wait_for_deployment": true,
            "web_acl_id": "arn:aws:wafv2:us-east-1:146469921099:global/webacl/CreatedByCloudFront-e76e6b4d/590ab5da-d6a6-4386-bc3e-f8d1e08c09d0"
          },
          "sensitive_attributes": [],
          "identity_schema_version": 0,
          "private": "eyJzY2hlbWFfdmVyc2lvbiI6IjEifQ==",
          "dependencies": [
            "aws_acm_certificate.frontend",
            "aws_acm_certificate_validation.frontend",
            "aws_cloudfront_origin_access_control.employee",
            "aws_s3_bucket.employee",
            "data.aws_cloudfront_cache_policy.caching_optimized",
            "data.aws_cloudfront_origin_request_policy.cors_s3"
          ]
        }
      ]
    },
    {
      "mode": "managed",
      "type": "aws_cloudfront_origin_access_control",
      "name": "customer",
      "provider": "provider[\"registry.terraform.io/hashicorp/aws\"]",
      "instances": [
        {
          "schema_version": 0,
          "attributes": {
            "arn": "arn:aws:cloudfront::146469921099:origin-access-control/E1VSVO349GWF1J",
            "description": "OAC for customer demo",
            "etag": "ETVPDKIKX0DER",
            "id": "E1VSVO349GWF1J",
            "name": "club-ops-dev-customer-oac",
            "origin_access_control_origin_type": "s3",
            "signing_behavior": "always",
            "signing_protocol": "sigv4"
          },
          "sensitive_attributes": [],
          "identity_schema_version": 0,
          "private": "bnVsbA=="
        }
      ]
    },
    {
      "mode": "managed",
      "type": "aws_cloudfront_origin_access_control",
      "name": "employee",
      "provider": "provider[\"registry.terraform.io/hashicorp/aws\"]",
      "instances": [
        {
          "schema_version": 0,
          "attributes": {
            "arn": "arn:aws:cloudfront::146469921099:origin-access-control/E37Q27AFVIB6EI",
            "description": "OAC for employee demo",
            "etag": "ETVPDKIKX0DER",
            "id": "E37Q27AFVIB6EI",
            "name": "club-ops-dev-employee-oac",
            "origin_access_control_origin_type": "s3",
            "signing_behavior": "always",
            "signing_protocol": "sigv4"
          },
          "sensitive_attributes": [],
          "identity_schema_version": 0,
          "private": "bnVsbA=="
        }
      ]
    },
    {
      "mode": "managed",
      "type": "aws_db_instance",
      "name": "db",
      "provider": "provider[\"registry.terraform.io/hashicorp/aws\"]",
      "instances": [
        {
          "schema_version": 2,
          "attributes": {
            "address": "club-ops-dev-db.cobu0oqcipf5.us-east-1.rds.amazonaws.com",
            "allocated_storage": 20,
            "allow_major_version_upgrade": null,
            "apply_immediately": true,
            "arn": "arn:aws:rds:us-east-1:146469921099:db:club-ops-dev-db",
            "auto_minor_version_upgrade": true,
            "availability_zone": "us-east-1f",
            "backup_retention_period": 1,
            "backup_target": "region",
            "backup_window": "06:48-07:18",
            "blue_green_update": [],
            "ca_cert_identifier": "rds-ca-rsa2048-g1",
            "character_set_name": "",
            "copy_tags_to_snapshot": false,
            "custom_iam_instance_profile": "",
            "customer_owned_ip_enabled": false,
            "database_insights_mode": "standard",
            "db_name": "club_operations",
            "db_subnet_group_name": "club-ops-dev-db-subnets",
            "dedicated_log_volume": false,
            "delete_automated_backups": true,
            "deletion_protection": false,
            "domain": "",
            "domain_auth_secret_arn": "",
            "domain_dns_ips": null,
            "domain_fqdn": "",
            "domain_iam_role_name": "",
            "domain_ou": "",
            "enabled_cloudwatch_logs_exports": null,
            "endpoint": "club-ops-dev-db.cobu0oqcipf5.us-east-1.rds.amazonaws.com:5432",
            "engine": "postgres",
            "engine_lifecycle_support": "open-source-rds-extended-support",
            "engine_version": "17.6",
            "engine_version_actual": "17.6",
            "final_snapshot_identifier": null,
            "hosted_zone_id": "Z2R2ITUGPM61AM",
            "iam_database_authentication_enabled": false,
            "id": "db-H65HRP2E2ZP6R4QD53HM6ZVUW4",
            "identifier": "club-ops-dev-db",
            "identifier_prefix": "",
            "instance_class": "db.t4g.micro",
            "iops": 0,
            "kms_key_id": "",
            "latest_restorable_time": "2026-02-02T19:51:04Z",
            "license_model": "postgresql-license",
            "listener_endpoint": [],
            "maintenance_window": "wed:03:16-wed:03:46",
            "manage_master_user_password": true,
            "master_user_secret": [
              {
                "kms_key_id": "arn:aws:kms:us-east-1:146469921099:key/a1212763-05e6-42e8-bb11-282937334c8f",
                "secret_arn": "arn:aws:secretsmanager:us-east-1:146469921099:secret:rds!db-eca8308a-98d7-4d6c-9e42-1ca3e19470c3-DzHoUV",
                "secret_status": "active"
              }
            ],
            "master_user_secret_kms_key_id": null,
            "max_allocated_storage": 0,
            "monitoring_interval": 0,
            "monitoring_role_arn": "",
            "multi_az": false,
            "nchar_character_set_name": "",
            "network_type": "IPV4",
            "option_group_name": "default:postgres-17",
            "parameter_group_name": "default.postgres17",
            "password": null,
            "password_wo": null,
            "password_wo_version": null,
            "performance_insights_enabled": false,
            "performance_insights_kms_key_id": "",
            "performance_insights_retention_period": 0,
            "port": 5432,
            "publicly_accessible": false,
            "replica_mode": "",
            "replicas": [],
            "replicate_source_db": "",
            "resource_id": "db-H65HRP2E2ZP6R4QD53HM6ZVUW4",
            "restore_to_point_in_time": [],
            "s3_import": [],
            "skip_final_snapshot": true,
            "snapshot_identifier": null,
            "status": "available",
            "storage_encrypted": false,
            "storage_throughput": 0,
            "storage_type": "gp2",
            "tags": null,
            "tags_all": {
              "Environment": "dev",
              "Owner": "JoshuaKessell",
              "Project": "ClubOperationsPOS"
            },
            "timeouts": null,
            "timezone": "",
            "upgrade_storage_config": null,
            "username": "clubops",
            "vpc_security_group_ids": [
              "sg-075945f3cc3810afd"
            ]
          },
          "sensitive_attributes": [
            [
              {
                "type": "get_attr",
                "value": "password"
              }
            ],
            [
              {
                "type": "get_attr",
                "value": "password_wo"
              }
            ]
          ],
          "identity_schema_version": 0,
          "private": "eyJlMmJmYjczMC1lY2FhLTExZTYtOGY4OC0zNDM2M2JjN2M0YzAiOnsiY3JlYXRlIjozMDAwMDAwMDAwMDAwLCJkZWxldGUiOjM2MDAwMDAwMDAwMDAsInVwZGF0ZSI6NDgwMDAwMDAwMDAwMH0sInNjaGVtYV92ZXJzaW9uIjoiMiJ9",
          "dependencies": [
            "aws_db_subnet_group.db",
            "aws_security_group.apprunner",
            "aws_security_group.db",
            "data.aws_subnets.default",
            "data.aws_vpc.default"
          ]
        }
      ]
    },
    {
      "mode": "managed",
      "type": "aws_db_subnet_group",
      "name": "db",
      "provider": "provider[\"registry.terraform.io/hashicorp/aws\"]",
      "instances": [
        {
          "schema_version": 0,
          "attributes": {
            "arn": "arn:aws:rds:us-east-1:146469921099:subgrp:club-ops-dev-db-subnets",
            "description": "Managed by Terraform",
            "id": "club-ops-dev-db-subnets",
            "name": "club-ops-dev-db-subnets",
            "name_prefix": "",
            "subnet_ids": [
              "subnet-0285b19e3dad1f01c",
              "subnet-06d424fbf6695d1c5",
              "subnet-08d66d527c7477c44",
              "subnet-091ab6ae37b554c4e",
              "subnet-0ddca4eda7141f239",
              "subnet-0ebbad3dba8a7a3ff"
            ],
            "supported_network_types": [
              "IPV4"
            ],
            "tags": {},
            "tags_all": {
              "Environment": "dev",
              "Owner": "JoshuaKessell",
              "Project": "ClubOperationsPOS"
            },
            "vpc_id": "vpc-0a21ba8fbf9b5342c"
          },
          "sensitive_attributes": [],
          "identity_schema_version": 0,
          "private": "bnVsbA==",
          "dependencies": [
            "data.aws_subnets.default",
            "data.aws_vpc.default"
          ]
        }
      ]
    },
    {
      "mode": "managed",
      "type": "aws_iam_openid_connect_provider",
      "name": "github",
      "provider": "provider[\"registry.terraform.io/hashicorp/aws\"]",
      "instances": [
        {
          "schema_version": 0,
          "attributes": {
            "arn": "arn:aws:iam::146469921099:oidc-provider/token.actions.githubusercontent.com",
            "client_id_list": [
              "sts.amazonaws.com"
            ],
            "id": "arn:aws:iam::146469921099:oidc-provider/token.actions.githubusercontent.com",
            "tags": {},
            "tags_all": {
              "Environment": "dev",
              "Owner": "JoshuaKessell",
              "Project": "ClubOperationsPOS"
            },
            "thumbprint_list": [
              "6938fd4d98bab03faadb97b34396831e3780aea1"
            ],
            "url": "token.actions.githubusercontent.com"
          },
          "sensitive_attributes": [],
          "identity_schema_version": 0,
          "private": "bnVsbA=="
        }
      ]
    },
    {
      "mode": "managed",
      "type": "aws_iam_policy",
      "name": "apprunner_secrets",
      "provider": "provider[\"registry.terraform.io/hashicorp/aws\"]",
      "instances": [
        {
          "schema_version": 0,
          "attributes": {
            "arn": "arn:aws:iam::146469921099:policy/club-ops-dev-apprunner-secrets",
            "attachment_count": 0,
            "description": "",
            "id": "arn:aws:iam::146469921099:policy/club-ops-dev-apprunner-secrets",
            "name": "club-ops-dev-apprunner-secrets",
            "name_prefix": "",
            "path": "/",
            "policy": "{\"Statement\":[{\"Action\":[\"secretsmanager:GetSecretValue\"],\"Effect\":\"Allow\",\"Resource\":[\"arn:aws:secretsmanager:us-east-1:146469921099:secret:club-ops/dev/database-url-an64dg\",\"arn:aws:secretsmanager:us-east-1:146469921099:secret:club-ops/dev/kiosk-token-B9P3EM\"],\"Sid\":\"ReadSecretsManager\"}],\"Version\":\"2012-10-17\"}",
            "policy_id": "ANPASEGSJUFFY4TOFKK5A",
            "tags": null,
            "tags_all": {
              "Environment": "dev",
              "Owner": "JoshuaKessell",
              "Project": "ClubOperationsPOS"
            }
          },
          "sensitive_attributes": [],
          "identity_schema_version": 0,
          "private": "bnVsbA=="
        }
      ]
    },
    {
      "mode": "managed",
      "type": "aws_iam_role",
      "name": "apprunner_ecr_access",
      "provider": "provider[\"registry.terraform.io/hashicorp/aws\"]",
      "instances": [
        {
          "schema_version": 0,
          "attributes": {
            "arn": "arn:aws:iam::146469921099:role/club-ops-dev-apprunner-ecr-access",
            "assume_role_policy": "{\"Statement\":[{\"Action\":\"sts:AssumeRole\",\"Effect\":\"Allow\",\"Principal\":{\"Service\":\"build.apprunner.amazonaws.com\"}}],\"Version\":\"2012-10-17\"}",
            "create_date": "2026-01-28T05:36:26Z",
            "description": "",
            "force_detach_policies": false,
            "id": "club-ops-dev-apprunner-ecr-access",
            "inline_policy": [
              {
                "name": "club-ops-dev-apprunner-ecr-access",
                "policy": "{\"Version\":\"2012-10-17\",\"Statement\":[{\"Action\":[\"ecr:GetAuthorizationToken\"],\"Effect\":\"Allow\",\"Resource\":\"*\"},{\"Action\":[\"ecr:BatchCheckLayerAvailability\",\"ecr:BatchGetImage\",\"ecr:GetDownloadUrlForLayer\",\"ecr:DescribeRepositories\"],\"Effect\":\"Allow\",\"Resource\":\"arn:aws:ecr:us-east-1:146469921099:repository/club-ops-api\"}]}"
              }
            ],
            "managed_policy_arns": [
              "arn:aws:iam::aws:policy/service-role/AWSAppRunnerServicePolicyForECRAccess"
            ],
            "max_session_duration": 3600,
            "name": "club-ops-dev-apprunner-ecr-access",
            "name_prefix": "",
            "path": "/",
            "permissions_boundary": "",
            "tags": {},
            "tags_all": {
              "Environment": "dev",
              "Owner": "JoshuaKessell",
              "Project": "ClubOperationsPOS"
            },
            "unique_id": "AROASEGSJUFF2CUBNSB4U"
          },
          "sensitive_attributes": [],
          "identity_schema_version": 0,
          "private": "bnVsbA=="
        }
      ]
    },
    {
      "mode": "managed",
      "type": "aws_iam_role",
      "name": "apprunner_instance",
      "provider": "provider[\"registry.terraform.io/hashicorp/aws\"]",
      "instances": [
        {
          "schema_version": 0,
          "attributes": {
            "arn": "arn:aws:iam::146469921099:role/club-ops-dev-apprunner-instance",
            "assume_role_policy": "{\"Statement\":[{\"Action\":\"sts:AssumeRole\",\"Effect\":\"Allow\",\"Principal\":{\"Service\":\"tasks.apprunner.amazonaws.com\"}}],\"Version\":\"2012-10-17\"}",
            "create_date": "2026-02-02T19:46:15Z",
            "description": "",
            "force_detach_policies": false,
            "id": "club-ops-dev-apprunner-instance",
            "inline_policy": [],
            "managed_policy_arns": [
              "arn:aws:iam::146469921099:policy/club-ops-dev-apprunner-secrets"
            ],
            "max_session_duration": 3600,
            "name": "club-ops-dev-apprunner-instance",
            "name_prefix": "",
            "path": "/",
            "permissions_boundary": "",
            "tags": {},
            "tags_all": {
              "Environment": "dev",
              "Owner": "JoshuaKessell",
              "Project": "ClubOperationsPOS"
            },
            "unique_id": "AROASEGSJUFF5A6E4534J"
          },
          "sensitive_attributes": [],
          "identity_schema_version": 0,
          "private": "bnVsbA=="
        }
      ]
    },
    {
      "mode": "managed",
      "type": "aws_iam_role",
      "name": "github_actions",
      "provider": "provider[\"registry.terraform.io/hashicorp/aws\"]",
      "instances": [
        {
          "schema_version": 0,
          "attributes": {
            "arn": "arn:aws:iam::146469921099:role/club-ops-dev-github-actions",
            "assume_role_policy": "{\"Statement\":[{\"Action\":\"sts:AssumeRoleWithWebIdentity\",\"Condition\":{\"StringEquals\":{\"token.actions.githubusercontent.com:aud\":\"sts.amazonaws.com\"},\"StringLike\":{\"token.actions.githubusercontent.com:sub\":\"repo:joshuakessell/ClubOperationsPOS:ref:refs/heads/main\"}},\"Effect\":\"Allow\",\"Principal\":{\"Federated\":\"arn:aws:iam::146469921099:oidc-provider/token.actions.githubusercontent.com\"}}],\"Version\":\"2012-10-17\"}",
            "create_date": "2026-02-01T09:05:45Z",
            "description": "",
            "force_detach_policies": false,
            "id": "club-ops-dev-github-actions",
            "inline_policy": [],
            "managed_policy_arns": [
              "arn:aws:iam::146469921099:policy/club-ops-dev-apprunner-update",
              "arn:aws:iam::146469921099:policy/club-ops-dev-ecr-auth",
              "arn:aws:iam::146469921099:policy/club-ops-dev-ecr-push",
              "arn:aws:iam::146469921099:policy/club-ops-dev-github-actions-policy",
              "arn:aws:iam::146469921099:policy/club-ops-dev-secrets-read"
            ],
            "max_session_duration": 3600,
            "name": "club-ops-dev-github-actions",
            "name_prefix": "",
            "path": "/",
            "permissions_boundary": "",
            "tags": {},
            "tags_all": {
              "Environment": "dev",
              "Owner": "JoshuaKessell",
              "Project": "ClubOperationsPOS"
            },
            "unique_id": "AROASEGSJUFF72ROTGM2R"
          },
          "sensitive_attributes": [],
          "identity_schema_version": 0,
          "private": "bnVsbA==",
          "dependencies": [
            "aws_iam_openid_connect_provider.github"
          ]
        }
      ]
    },
    {
      "mode": "managed",
      "type": "aws_iam_role_policy_attachment",
      "name": "apprunner_ecr_access",
      "provider": "provider[\"registry.terraform.io/hashicorp/aws\"]",
      "instances": [
        {
          "schema_version": 0,
          "attributes": {
            "id": "club-ops-dev-apprunner-ecr-access-20260201090545549000000003",
            "policy_arn": "arn:aws:iam::aws:policy/service-role/AWSAppRunnerServicePolicyForECRAccess",
            "role": "club-ops-dev-apprunner-ecr-access"
          },
          "sensitive_attributes": [],
          "identity_schema_version": 0,
          "private": "bnVsbA==",
          "dependencies": [
            "aws_iam_role.apprunner_ecr_access"
          ]
        }
      ]
    },
    {
      "mode": "managed",
      "type": "aws_iam_role_policy_attachment",
      "name": "apprunner_secrets",
      "provider": "provider[\"registry.terraform.io/hashicorp/aws\"]",
      "instances": [
        {
          "schema_version": 0,
          "attributes": {
            "id": "club-ops-dev-apprunner-instance-20260202194615953400000001",
            "policy_arn": "arn:aws:iam::146469921099:policy/club-ops-dev-apprunner-secrets",
            "role": "club-ops-dev-apprunner-instance"
          },
          "sensitive_attributes": [],
          "identity_schema_version": 0,
          "private": "bnVsbA==",
          "dependencies": [
            "aws_iam_policy.apprunner_secrets",
            "aws_iam_role.apprunner_instance"
          ]
        }
      ]
    },
    {
      "mode": "managed",
      "type": "aws_s3_bucket",
      "name": "customer",
      "provider": "provider[\"registry.terraform.io/hashicorp/aws\"]",
      "instances": [
        {
          "schema_version": 0,
          "attributes": {
            "acceleration_status": "",
            "acl": null,
            "arn": "arn:aws:s3:::club-ops-dev-customer-demo",
            "bucket": "club-ops-dev-customer-demo",
            "bucket_domain_name": "club-ops-dev-customer-demo.s3.amazonaws.com",
            "bucket_prefix": "",
            "bucket_regional_domain_name": "club-ops-dev-customer-demo.s3.us-east-1.amazonaws.com",
            "cors_rule": [],
            "force_destroy": false,
            "grant": [
              {
                "id": "7d56d0d6a51d6ddb41c6c1aa3f07e6a9e265b6298c05f74808358e696ba6aa3d",
                "permissions": [
                  "FULL_CONTROL"
                ],
                "type": "CanonicalUser",
                "uri": ""
              }
            ],
            "hosted_zone_id": "Z3AQBSTGFYJSTF",
            "id": "club-ops-dev-customer-demo",
            "lifecycle_rule": [],
            "logging": [],
            "object_lock_configuration": [],
            "object_lock_enabled": false,
            "policy": "{\"Statement\":[{\"Action\":\"s3:GetObject\",\"Condition\":{\"StringEquals\":{\"AWS:SourceArn\":\"arn:aws:cloudfront::146469921099:distribution/EFVEGUM8BIPN1\"}},\"Effect\":\"Allow\",\"Principal\":{\"Service\":\"cloudfront.amazonaws.com\"},\"Resource\":\"arn:aws:s3:::club-ops-dev-customer-demo/*\",\"Sid\":\"AllowCloudFrontService\"}],\"Version\":\"2012-10-17\"}",
            "region": "us-east-1",
            "replication_configuration": [],
            "request_payer": "BucketOwner",
            "server_side_encryption_configuration": [
              {
                "rule": [
                  {
                    "apply_server_side_encryption_by_default": [
                      {
                        "kms_master_key_id": "",
                        "sse_algorithm": "AES256"
                      }
                    ],
                    "bucket_key_enabled": false
                  }
                ]
              }
            ],
            "tags": {},
            "tags_all": {
              "Environment": "dev",
              "Owner": "JoshuaKessell",
              "Project": "ClubOperationsPOS"
            },
            "timeouts": null,
            "versioning": [
              {
                "enabled": false,
                "mfa_delete": false
              }
            ],
            "website": [],
            "website_domain": null,
            "website_endpoint": null
          },
          "sensitive_attributes": [],
          "identity_schema_version": 0,
          "private": "eyJlMmJmYjczMC1lY2FhLTExZTYtOGY4OC0zNDM2M2JjN2M0YzAiOnsiY3JlYXRlIjoxMjAwMDAwMDAwMDAwLCJkZWxldGUiOjM2MDAwMDAwMDAwMDAsInJlYWQiOjEyMDAwMDAwMDAwMDAsInVwZGF0ZSI6MTIwMDAwMDAwMDAwMH19"
        }
      ]
    },
    {
      "mode": "managed",
      "type": "aws_s3_bucket",
      "name": "employee",
      "provider": "provider[\"registry.terraform.io/hashicorp/aws\"]",
      "instances": [
        {
          "schema_version": 0,
          "attributes": {
            "acceleration_status": "",
            "acl": null,
            "arn": "arn:aws:s3:::club-ops-dev-employee-demo",
            "bucket": "club-ops-dev-employee-demo",
            "bucket_domain_name": "club-ops-dev-employee-demo.s3.amazonaws.com",
            "bucket_prefix": "",
            "bucket_regional_domain_name": "club-ops-dev-employee-demo.s3.us-east-1.amazonaws.com",
            "cors_rule": [],
            "force_destroy": false,
            "grant": [
              {
                "id": "7d56d0d6a51d6ddb41c6c1aa3f07e6a9e265b6298c05f74808358e696ba6aa3d",
                "permissions": [
                  "FULL_CONTROL"
                ],
                "type": "CanonicalUser",
                "uri": ""
              }
            ],
            "hosted_zone_id": "Z3AQBSTGFYJSTF",
            "id": "club-ops-dev-employee-demo",
            "lifecycle_rule": [],
            "logging": [],
            "object_lock_configuration": [],
            "object_lock_enabled": false,
            "policy": "{\"Statement\":[{\"Action\":\"s3:GetObject\",\"Condition\":{\"StringEquals\":{\"AWS:SourceArn\":\"arn:aws:cloudfront::146469921099:distribution/E2M9TK93AIEIYA\"}},\"Effect\":\"Allow\",\"Principal\":{\"Service\":\"cloudfront.amazonaws.com\"},\"Resource\":\"arn:aws:s3:::club-ops-dev-employee-demo/*\",\"Sid\":\"AllowCloudFrontService\"}],\"Version\":\"2012-10-17\"}",
            "region": "us-east-1",
            "replication_configuration": [],
            "request_payer": "BucketOwner",
            "server_side_encryption_configuration": [
              {
                "rule": [
                  {
                    "apply_server_side_encryption_by_default": [
                      {
                        "kms_master_key_id": "",
                        "sse_algorithm": "AES256"
                      }
                    ],
                    "bucket_key_enabled": false
                  }
                ]
              }
            ],
            "tags": {},
            "tags_all": {
              "Environment": "dev",
              "Owner": "JoshuaKessell",
              "Project": "ClubOperationsPOS"
            },
            "timeouts": null,
            "versioning": [
              {
                "enabled": false,
                "mfa_delete": false
              }
            ],
            "website": [],
            "website_domain": null,
            "website_endpoint": null
          },
          "sensitive_attributes": [],
          "identity_schema_version": 0,
          "private": "eyJlMmJmYjczMC1lY2FhLTExZTYtOGY4OC0zNDM2M2JjN2M0YzAiOnsiY3JlYXRlIjoxMjAwMDAwMDAwMDAwLCJkZWxldGUiOjM2MDAwMDAwMDAwMDAsInJlYWQiOjEyMDAwMDAwMDAwMDAsInVwZGF0ZSI6MTIwMDAwMDAwMDAwMH19"
        }
      ]
    },
    {
      "mode": "managed",
      "type": "aws_s3_bucket_ownership_controls",
      "name": "customer",
      "provider": "provider[\"registry.terraform.io/hashicorp/aws\"]",
      "instances": [
        {
          "schema_version": 0,
          "attributes": {
            "bucket": "club-ops-dev-customer-demo",
            "id": "club-ops-dev-customer-demo",
            "rule": [
              {
                "object_ownership": "BucketOwnerPreferred"
              }
            ]
          },
          "sensitive_attributes": [],
          "identity_schema_version": 0,
          "private": "bnVsbA==",
          "dependencies": [
            "aws_s3_bucket.customer"
          ]
        }
      ]
    },
    {
      "mode": "managed",
      "type": "aws_s3_bucket_ownership_controls",
      "name": "employee",
      "provider": "provider[\"registry.terraform.io/hashicorp/aws\"]",
      "instances": [
        {
          "schema_version": 0,
          "attributes": {
            "bucket": "club-ops-dev-employee-demo",
            "id": "club-ops-dev-employee-demo",
            "rule": [
              {
                "object_ownership": "BucketOwnerPreferred"
              }
            ]
          },
          "sensitive_attributes": [],
          "identity_schema_version": 0,
          "private": "bnVsbA==",
          "dependencies": [
            "aws_s3_bucket.employee"
          ]
        }
      ]
    },
    {
      "mode": "managed",
      "type": "aws_s3_bucket_policy",
      "name": "customer",
      "provider": "provider[\"registry.terraform.io/hashicorp/aws\"]",
      "instances": [
        {
          "schema_version": 0,
          "attributes": {
            "bucket": "club-ops-dev-customer-demo",
            "id": "club-ops-dev-customer-demo",
            "policy": "{\"Statement\":[{\"Action\":\"s3:GetObject\",\"Condition\":{\"StringEquals\":{\"AWS:SourceArn\":\"arn:aws:cloudfront::146469921099:distribution/EFVEGUM8BIPN1\"}},\"Effect\":\"Allow\",\"Principal\":{\"Service\":\"cloudfront.amazonaws.com\"},\"Resource\":\"arn:aws:s3:::club-ops-dev-customer-demo/*\",\"Sid\":\"AllowCloudFrontService\"}],\"Version\":\"2012-10-17\"}"
          },
          "sensitive_attributes": [],
          "identity_schema_version": 0,
          "private": "bnVsbA==",
          "dependencies": [
            "aws_acm_certificate.frontend",
            "aws_acm_certificate_validation.frontend",
            "aws_cloudfront_distribution.customer",
            "aws_cloudfront_origin_access_control.customer",
            "aws_s3_bucket.customer",
            "data.aws_cloudfront_cache_policy.caching_optimized",
            "data.aws_cloudfront_origin_request_policy.cors_s3"
          ]
        }
      ]
    },
    {
      "mode": "managed",
      "type": "aws_s3_bucket_policy",
      "name": "employee",
      "provider": "provider[\"registry.terraform.io/hashicorp/aws\"]",
      "instances": [
        {
          "schema_version": 0,
          "attributes": {
            "bucket": "club-ops-dev-employee-demo",
            "id": "club-ops-dev-employee-demo",
            "policy": "{\"Statement\":[{\"Action\":\"s3:GetObject\",\"Condition\":{\"StringEquals\":{\"AWS:SourceArn\":\"arn:aws:cloudfront::146469921099:distribution/E2M9TK93AIEIYA\"}},\"Effect\":\"Allow\",\"Principal\":{\"Service\":\"cloudfront.amazonaws.com\"},\"Resource\":\"arn:aws:s3:::club-ops-dev-employee-demo/*\",\"Sid\":\"AllowCloudFrontService\"}],\"Version\":\"2012-10-17\"}"
          },
          "sensitive_attributes": [],
          "identity_schema_version": 0,
          "private": "bnVsbA==",
          "dependencies": [
            "aws_acm_certificate.frontend",
            "aws_acm_certificate_validation.frontend",
            "aws_cloudfront_distribution.employee",
            "aws_cloudfront_origin_access_control.employee",
            "aws_s3_bucket.employee",
            "data.aws_cloudfront_cache_policy.caching_optimized",
            "data.aws_cloudfront_origin_request_policy.cors_s3"
          ]
        }
      ]
    },
    {
      "mode": "managed",
      "type": "aws_s3_bucket_public_access_block",
      "name": "customer",
      "provider": "provider[\"registry.terraform.io/hashicorp/aws\"]",
      "instances": [
        {
          "schema_version": 0,
          "attributes": {
            "block_public_acls": true,
            "block_public_policy": true,
            "bucket": "club-ops-dev-customer-demo",
            "id": "club-ops-dev-customer-demo",
            "ignore_public_acls": true,
            "restrict_public_buckets": true
          },
          "sensitive_attributes": [],
          "identity_schema_version": 0,
          "private": "bnVsbA==",
          "dependencies": [
            "aws_s3_bucket.customer"
          ]
        }
      ]
    },
    {
      "mode": "managed",
      "type": "aws_s3_bucket_public_access_block",
      "name": "employee",
      "provider": "provider[\"registry.terraform.io/hashicorp/aws\"]",
      "instances": [
        {
          "schema_version": 0,
          "attributes": {
            "block_public_acls": true,
            "block_public_policy": true,
            "bucket": "club-ops-dev-employee-demo",
            "id": "club-ops-dev-employee-demo",
            "ignore_public_acls": true,
            "restrict_public_buckets": true
          },
          "sensitive_attributes": [],
          "identity_schema_version": 0,
          "private": "bnVsbA==",
          "dependencies": [
            "aws_s3_bucket.employee"
          ]
        }
      ]
    },
    {
      "mode": "managed",
      "type": "aws_security_group",
      "name": "apprunner",
      "provider": "provider[\"registry.terraform.io/hashicorp/aws\"]",
      "instances": [
        {
          "schema_version": 1,
          "attributes": {
            "arn": "arn:aws:ec2:us-east-1:146469921099:security-group/sg-0e1b8258e1a7f1139",
            "description": "Allow App Runner egress to dev resources",
            "egress": [
              {
                "cidr_blocks": [
                  "0.0.0.0/0"
                ],
                "description": "",
                "from_port": 0,
                "ipv6_cidr_blocks": [],
                "prefix_list_ids": [],
                "protocol": "-1",
                "security_groups": [],
                "self": false,
                "to_port": 0
              }
            ],
            "id": "sg-0e1b8258e1a7f1139",
            "ingress": [],
            "name": "club-ops-dev-apprunner-sg",
            "name_prefix": "",
            "owner_id": "146469921099",
            "revoke_rules_on_delete": false,
            "tags": {},
            "tags_all": {
              "Environment": "dev",
              "Owner": "JoshuaKessell",
              "Project": "ClubOperationsPOS"
            },
            "timeouts": null,
            "vpc_id": "vpc-0a21ba8fbf9b5342c"
          },
          "sensitive_attributes": [],
          "identity_schema_version": 0,
          "private": "eyJlMmJmYjczMC1lY2FhLTExZTYtOGY4OC0zNDM2M2JjN2M0YzAiOnsiY3JlYXRlIjo2MDAwMDAwMDAwMDAsImRlbGV0ZSI6OTAwMDAwMDAwMDAwfSwic2NoZW1hX3ZlcnNpb24iOiIxIn0=",
          "dependencies": [
            "data.aws_vpc.default"
          ]
        }
      ]
    },
    {
      "mode": "managed",
      "type": "aws_security_group",
      "name": "db",
      "provider": "provider[\"registry.terraform.io/hashicorp/aws\"]",
      "instances": [
        {
          "schema_version": 1,
          "attributes": {
            "arn": "arn:aws:ec2:us-east-1:146469921099:security-group/sg-075945f3cc3810afd",
            "description": "Allow Postgres access from App Runner",
            "egress": [
              {
                "cidr_blocks": [
                  "0.0.0.0/0"
                ],
                "description": "",
                "from_port": 0,
                "ipv6_cidr_blocks": [],
                "prefix_list_ids": [],
                "protocol": "-1",
                "security_groups": [],
                "self": false,
                "to_port": 0
              }
            ],
            "id": "sg-075945f3cc3810afd",
            "ingress": [
              {
                "cidr_blocks": [],
                "description": null,
                "from_port": 5432,
                "ipv6_cidr_blocks": [],
                "prefix_list_ids": [],
                "protocol": "tcp",
                "security_groups": [
                  "sg-0e1b8258e1a7f1139"
                ],
                "self": false,
                "to_port": 5432
              }
            ],
            "name": "club-ops-dev-db-sg",
            "name_prefix": "",
            "owner_id": "146469921099",
            "revoke_rules_on_delete": false,
            "tags": {},
            "tags_all": {
              "Environment": "dev",
              "Owner": "JoshuaKessell",
              "Project": "ClubOperationsPOS"
            },
            "timeouts": null,
            "vpc_id": "vpc-0a21ba8fbf9b5342c"
          },
          "sensitive_attributes": [],
          "identity_schema_version": 0,
          "private": "eyJlMmJmYjczMC1lY2FhLTExZTYtOGY4OC0zNDM2M2JjN2M0YzAiOnsiY3JlYXRlIjo2MDAwMDAwMDAwMDAsImRlbGV0ZSI6OTAwMDAwMDAwMDAwfSwic2NoZW1hX3ZlcnNpb24iOiIxIn0=",
          "dependencies": [
            "aws_security_group.apprunner",
            "data.aws_vpc.default"
          ]
        }
      ]
    }
  ],
  "check_results": null
}
